
Microsoft Visual Studio Solution File, Format Version 12.00
# Visual Studio 15
VisualStudioVersion = 15.0.27428.2005
MinimumVisualStudioVersion = 10.0.40219.1
Project("{FAE04EC0-301F-11D3-BF4B-00C04F79EFBC}") = "HandlebarsViewEngine", "HandlebarsViewEngine\HandlebarsViewEngine.csproj", "{B100968C-BF3C-4E80-86E1-7DF57753641E}"
EndProject
Project("{FAE04EC0-301F-11D3-BF4B-00C04F79EFBC}") = "HandlebarsViewEngine.Web", "HandlebarsViewEngine.Web\HandlebarsViewEngine.Web.csproj", "{0AFFDF1A-286C-46F2-971F-2B94CFE1A626}"
EndProject
Global
	GlobalSection(SolutionConfigurationPlatforms) = preSolution
		Debug|Any CPU = Debug|Any CPU
		Release|Any CPU = Release|Any CPU
	EndGlobalSection
	GlobalSection(ProjectConfigurationPlatforms) = postSolution
		{B100968C-BF3C-4E80-86E1-7DF57753641E}.Debug|Any CPU.ActiveCfg = Debug|Any CPU
		{B100968C-BF3C-4E80-86E1-7DF57753641E}.Debug|Any CPU.Build.0 = Debug|Any CPU
		{B100968C-BF3C-4E80-86E1-7DF57753641E}.Release|Any CPU.ActiveCfg = Release|Any CPU
		{B100968C-BF3C-4E80-86E1-7DF57753641E}.Release|Any CPU.Build.0 = Release|Any CPU
		{0AFFDF1A-286C-46F2-971F-2B94CFE1A626}.Debug|Any CPU.ActiveCfg = Debug|Any CPU
		{0AFFDF1A-286C-46F2-971F-2B94CFE1A626}.Debug|Any CPU.Build.0 = Debug|Any CPU
		{0AFFDF1A-286C-46F2-971F-2B94CFE1A626}.Release|Any CPU.ActiveCfg = Release|Any CPU
		{0AFFDF1A-286C-46F2-971F-2B94CFE1A626}.Release|Any CPU.Build.0 = Release|Any CPU
	EndGlobalSection
	GlobalSection(SolutionProperties) = preSolution
		HideSolutionNode = FALSE
	EndGlobalSection
	GlobalSection(ExtensibilityGlobals) = postSolution
		SolutionGuid = {4F639F0C-3F5A-4193-A2F5-6CBC7A7B3391}
	EndGlobalSection
EndGlobal
